
Microsoft Visual Studio Solution File, Format Version 12.00
# Visual Studio Version 17
VisualStudioVersion = 17.11.35219.272
MinimumVisualStudioVersion = 10.0.40219.1
Project("{FAE04EC0-301F-11D3-BF4B-00C04F79EFBC}") = "WeatherApp.UWP", "WeatherApp\WeatherApp.UWP\WeatherApp.UWP.csproj", "{FBE4B21F-3DD5-4BC9-8FFD-479E663B0E6B}"
EndProject
Project("{FAE04EC0-301F-11D3-BF4B-00C04F79EFBC}") = "WeatherApp.Android", "WeatherApp\WeatherApp.Android\WeatherApp.Android.csproj", "{32A7D76A-E82A-4ACF-B7CB-AD061437FCA6}"
EndProject
Project("{FAE04EC0-301F-11D3-BF4B-00C04F79EFBC}") = "WeatherApp", "WeatherApp\WeatherApp\WeatherApp.csproj", "{8797405B-A312-4C66-A271-90BB8830905A}"
EndProject
Global
	GlobalSection(SolutionConfigurationPlatforms) = preSolution
		Debug|Any CPU = Debug|Any CPU
		Debug|ARM = Debug|ARM
		Debug|x64 = Debug|x64
		Debug|x86 = Debug|x86
		Release|Any CPU = Release|Any CPU
		Release|ARM = Release|ARM
		Release|x64 = Release|x64
		Release|x86 = Release|x86
	EndGlobalSection
	GlobalSection(ProjectConfigurationPlatforms) = postSolution
		{FBE4B21F-3DD5-4BC9-8FFD-479E663B0E6B}.Debug|Any CPU.ActiveCfg = Debug|x64
		{FBE4B21F-3DD5-4BC9-8FFD-479E663B0E6B}.Debug|Any CPU.Build.0 = Debug|x64
		{FBE4B21F-3DD5-4BC9-8FFD-479E663B0E6B}.Debug|Any CPU.Deploy.0 = Debug|x64
		{FBE4B21F-3DD5-4BC9-8FFD-479E663B0E6B}.Debug|ARM.ActiveCfg = Debug|ARM
		{FBE4B21F-3DD5-4BC9-8FFD-479E663B0E6B}.Debug|ARM.Build.0 = Debug|ARM
		{FBE4B21F-3DD5-4BC9-8FFD-479E663B0E6B}.Debug|ARM.Deploy.0 = Debug|ARM
		{FBE4B21F-3DD5-4BC9-8FFD-479E663B0E6B}.Debug|x64.ActiveCfg = Debug|x64
		{FBE4B21F-3DD5-4BC9-8FFD-479E663B0E6B}.Debug|x64.Build.0 = Debug|x64
		{FBE4B21F-3DD5-4BC9-8FFD-479E663B0E6B}.Debug|x64.Deploy.0 = Debug|x64
		{FBE4B21F-3DD5-4BC9-8FFD-479E663B0E6B}.Debug|x86.ActiveCfg = Debug|x86
		{FBE4B21F-3DD5-4BC9-8FFD-479E663B0E6B}.Debug|x86.Build.0 = Debug|x86
		{FBE4B21F-3DD5-4BC9-8FFD-479E663B0E6B}.Debug|x86.Deploy.0 = Debug|x86
		{FBE4B21F-3DD5-4BC9-8FFD-479E663B0E6B}.Release|Any CPU.ActiveCfg = Release|x64
		{FBE4B21F-3DD5-4BC9-8FFD-479E663B0E6B}.Release|Any CPU.Build.0 = Release|x64
		{FBE4B21F-3DD5-4BC9-8FFD-479E663B0E6B}.Release|Any CPU.Deploy.0 = Release|x64
		{FBE4B21F-3DD5-4BC9-8FFD-479E663B0E6B}.Release|ARM.ActiveCfg = Release|ARM
		{FBE4B21F-3DD5-4BC9-8FFD-479E663B0E6B}.Release|ARM.Build.0 = Release|ARM
		{FBE4B21F-3DD5-4BC9-8FFD-479E663B0E6B}.Release|ARM.Deploy.0 = Release|ARM
		{FBE4B21F-3DD5-4BC9-8FFD-479E663B0E6B}.Release|x64.ActiveCfg = Release|x64
		{FBE4B21F-3DD5-4BC9-8FFD-479E663B0E6B}.Release|x64.Build.0 = Release|x64
		{FBE4B21F-3DD5-4BC9-8FFD-479E663B0E6B}.Release|x64.Deploy.0 = Release|x64
		{FBE4B21F-3DD5-4BC9-8FFD-479E663B0E6B}.Release|x86.ActiveCfg = Release|x86
		{FBE4B21F-3DD5-4BC9-8FFD-479E663B0E6B}.Release|x86.Build.0 = Release|x86
		{FBE4B21F-3DD5-4BC9-8FFD-479E663B0E6B}.Release|x86.Deploy.0 = Release|x86
		{32A7D76A-E82A-4ACF-B7CB-AD061437FCA6}.Debug|Any CPU.ActiveCfg = Debug|Any CPU
		{32A7D76A-E82A-4ACF-B7CB-AD061437FCA6}.Debug|Any CPU.Build.0 = Debug|Any CPU
		{32A7D76A-E82A-4ACF-B7CB-AD061437FCA6}.Debug|Any CPU.Deploy.0 = Debug|Any CPU
		{32A7D76A-E82A-4ACF-B7CB-AD061437FCA6}.Debug|ARM.ActiveCfg = Debug|Any CPU
		{32A7D76A-E82A-4ACF-B7CB-AD061437FCA6}.Debug|ARM.Build.0 = Debug|Any CPU
		{32A7D76A-E82A-4ACF-B7CB-AD061437FCA6}.Debug|ARM.Deploy.0 = Debug|Any CPU
		{32A7D76A-E82A-4ACF-B7CB-AD061437FCA6}.Debug|x64.ActiveCfg = Debug|Any CPU
		{32A7D76A-E82A-4ACF-B7CB-AD061437FCA6}.Debug|x64.Build.0 = Debug|Any CPU
		{32A7D76A-E82A-4ACF-B7CB-AD061437FCA6}.Debug|x64.Deploy.0 = Debug|Any CPU
		{32A7D76A-E82A-4ACF-B7CB-AD061437FCA6}.Debug|x86.ActiveCfg = Debug|Any CPU
		{32A7D76A-E82A-4ACF-B7CB-AD061437FCA6}.Debug|x86.Build.0 = Debug|Any CPU
		{32A7D76A-E82A-4ACF-B7CB-AD061437FCA6}.Debug|x86.Deploy.0 = Debug|Any CPU
		{32A7D76A-E82A-4ACF-B7CB-AD061437FCA6}.Release|Any CPU.ActiveCfg = Release|Any CPU
		{32A7D76A-E82A-4ACF-B7CB-AD061437FCA6}.Release|Any CPU.Build.0 = Release|Any CPU
		{32A7D76A-E82A-4ACF-B7CB-AD061437FCA6}.Release|Any CPU.Deploy.0 = Release|Any CPU
		{32A7D76A-E82A-4ACF-B7CB-AD061437FCA6}.Release|ARM.ActiveCfg = Release|Any CPU
		{32A7D76A-E82A-4ACF-B7CB-AD061437FCA6}.Release|ARM.Build.0 = Release|Any CPU
		{32A7D76A-E82A-4ACF-B7CB-AD061437FCA6}.Release|ARM.Deploy.0 = Release|Any CPU
		{32A7D76A-E82A-4ACF-B7CB-AD061437FCA6}.Release|x64.ActiveCfg = Release|Any CPU
		{32A7D76A-E82A-4ACF-B7CB-AD061437FCA6}.Release|x64.Build.0 = Release|Any CPU
		{32A7D76A-E82A-4ACF-B7CB-AD061437FCA6}.Release|x64.Deploy.0 = Release|Any CPU
		{32A7D76A-E82A-4ACF-B7CB-AD061437FCA6}.Release|x86.ActiveCfg = Release|Any CPU
		{32A7D76A-E82A-4ACF-B7CB-AD061437FCA6}.Release|x86.Build.0 = Release|Any CPU
		{32A7D76A-E82A-4ACF-B7CB-AD061437FCA6}.Release|x86.Deploy.0 = Release|Any CPU
		{8797405B-A312-4C66-A271-90BB8830905A}.Debug|Any CPU.ActiveCfg = Debug|Any CPU
		{8797405B-A312-4C66-A271-90BB8830905A}.Debug|Any CPU.Build.0 = Debug|Any CPU
		{8797405B-A312-4C66-A271-90BB8830905A}.Debug|Any CPU.Deploy.0 = Debug|Any CPU
		{8797405B-A312-4C66-A271-90BB8830905A}.Debug|ARM.ActiveCfg = Debug|Any CPU
		{8797405B-A312-4C66-A271-90BB8830905A}.Debug|ARM.Build.0 = Debug|Any CPU
		{8797405B-A312-4C66-A271-90BB8830905A}.Debug|ARM.Deploy.0 = Debug|Any CPU
		{8797405B-A312-4C66-A271-90BB8830905A}.Debug|x64.ActiveCfg = Debug|Any CPU
		{8797405B-A312-4C66-A271-90BB8830905A}.Debug|x64.Build.0 = Debug|Any CPU
		{8797405B-A312-4C66-A271-90BB8830905A}.Debug|x64.Deploy.0 = Debug|Any CPU
		{8797405B-A312-4C66-A271-90BB8830905A}.Debug|x86.ActiveCfg = Debug|Any CPU
		{8797405B-A312-4C66-A271-90BB8830905A}.Debug|x86.Build.0 = Debug|Any CPU
		{8797405B-A312-4C66-A271-90BB8830905A}.Debug|x86.Deploy.0 = Debug|Any CPU
		{8797405B-A312-4C66-A271-90BB8830905A}.Release|Any CPU.ActiveCfg = Release|Any CPU
		{8797405B-A312-4C66-A271-90BB8830905A}.Release|Any CPU.Build.0 = Release|Any CPU
		{8797405B-A312-4C66-A271-90BB8830905A}.Release|Any CPU.Deploy.0 = Release|Any CPU
		{8797405B-A312-4C66-A271-90BB8830905A}.Release|ARM.ActiveCfg = Release|Any CPU
		{8797405B-A312-4C66-A271-90BB8830905A}.Release|ARM.Build.0 = Release|Any CPU
		{8797405B-A312-4C66-A271-90BB8830905A}.Release|ARM.Deploy.0 = Release|Any CPU
		{8797405B-A312-4C66-A271-90BB8830905A}.Release|x64.ActiveCfg = Release|Any CPU
		{8797405B-A312-4C66-A271-90BB8830905A}.Release|x64.Build.0 = Release|Any CPU
		{8797405B-A312-4C66-A271-90BB8830905A}.Release|x64.Deploy.0 = Release|Any CPU
		{8797405B-A312-4C66-A271-90BB8830905A}.Release|x86.ActiveCfg = Release|Any CPU
		{8797405B-A312-4C66-A271-90BB8830905A}.Release|x86.Build.0 = Release|Any CPU
		{8797405B-A312-4C66-A271-90BB8830905A}.Release|x86.Deploy.0 = Release|Any CPU
	EndGlobalSection
	GlobalSection(SolutionProperties) = preSolution
		HideSolutionNode = FALSE
	EndGlobalSection
	GlobalSection(ExtensibilityGlobals) = postSolution
		SolutionGuid = {AB3C8690-8816-4AFD-9078-A91F5C3BF7A6}
	EndGlobalSection
EndGlobal
